
Microsoft Visual Studio Solution File, Format Version 12.00
# Visual Studio Version 16
VisualStudioVersion = 16.0.34301.259
MinimumVisualStudioVersion = 10.0.40219.1
Project("{FAE04EC0-301F-11D3-BF4B-00C04F79EFBC}") = "test", "test\test.csproj", "{A62D389B-24A9-4A8C-9035-740C0D847B38}"
EndProject
Project("{FAE04EC0-301F-11D3-BF4B-00C04F79EFBC}") = "UnitTestProject1", "UnitTestProject1\UnitTestProject1.csproj", "{361B2412-D749-4280-9CF7-A6B01D2BDD4E}"
EndProject
Project("{FAE04EC0-301F-11D3-BF4B-00C04F79EFBC}") = "koreshenger", "koreshenger\koreshenger.csproj", "{D955C93B-477E-4546-AB6F-B5BFE18BD291}"
EndProject
Global
	GlobalSection(SolutionConfigurationPlatforms) = preSolution
		Debug|Any CPU = Debug|Any CPU
		Release|Any CPU = Release|Any CPU
	EndGlobalSection
	GlobalSection(ProjectConfigurationPlatforms) = postSolution
		{A62D389B-24A9-4A8C-9035-740C0D847B38}.Debug|Any CPU.ActiveCfg = Debug|Any CPU
		{A62D389B-24A9-4A8C-9035-740C0D847B38}.Debug|Any CPU.Build.0 = Debug|Any CPU
		{A62D389B-24A9-4A8C-9035-740C0D847B38}.Release|Any CPU.ActiveCfg = Release|Any CPU
		{A62D389B-24A9-4A8C-9035-740C0D847B38}.Release|Any CPU.Build.0 = Release|Any CPU
		{361B2412-D749-4280-9CF7-A6B01D2BDD4E}.Debug|Any CPU.ActiveCfg = Debug|Any CPU
		{361B2412-D749-4280-9CF7-A6B01D2BDD4E}.Debug|Any CPU.Build.0 = Debug|Any CPU
		{361B2412-D749-4280-9CF7-A6B01D2BDD4E}.Release|Any CPU.ActiveCfg = Release|Any CPU
		{361B2412-D749-4280-9CF7-A6B01D2BDD4E}.Release|Any CPU.Build.0 = Release|Any CPU
		{D955C93B-477E-4546-AB6F-B5BFE18BD291}.Debug|Any CPU.ActiveCfg = Debug|Any CPU
		{D955C93B-477E-4546-AB6F-B5BFE18BD291}.Debug|Any CPU.Build.0 = Debug|Any CPU
		{D955C93B-477E-4546-AB6F-B5BFE18BD291}.Release|Any CPU.ActiveCfg = Release|Any CPU
		{D955C93B-477E-4546-AB6F-B5BFE18BD291}.Release|Any CPU.Build.0 = Release|Any CPU
	EndGlobalSection
	GlobalSection(SolutionProperties) = preSolution
		HideSolutionNode = FALSE
	EndGlobalSection
	GlobalSection(ExtensibilityGlobals) = postSolution
		SolutionGuid = {412B25E1-9E38-41F8-BA83-62D88E6FC8CB}
	EndGlobalSection
EndGlobal
